
Microsoft Visual Studio Solution File, Format Version 12.00
# Visual Studio Version 17
VisualStudioVersion = 17.13.35825.156 d17.13
MinimumVisualStudioVersion = 10.0.40219.1
Project("{FAE04EC0-301F-11D3-BF4B-00C04F79EFBC}") = "Hilos de proceso-Juego", "Hilos de proceso-Juego.csproj", "{502BCC94-2402-4919-A3FE-4440FF516A60}"
EndProject
Global
	GlobalSection(SolutionConfigurationPlatforms) = preSolution
		Debug|Any CPU = Debug|Any CPU
		Release|Any CPU = Release|Any CPU
	EndGlobalSection
	GlobalSection(ProjectConfigurationPlatforms) = postSolution
		{502BCC94-2402-4919-A3FE-4440FF516A60}.Debug|Any CPU.ActiveCfg = Debug|Any CPU
		{502BCC94-2402-4919-A3FE-4440FF516A60}.Debug|Any CPU.Build.0 = Debug|Any CPU
		{502BCC94-2402-4919-A3FE-4440FF516A60}.Release|Any CPU.ActiveCfg = Release|Any CPU
		{502BCC94-2402-4919-A3FE-4440FF516A60}.Release|Any CPU.Build.0 = Release|Any CPU
	EndGlobalSection
	GlobalSection(SolutionProperties) = preSolution
		HideSolutionNode = FALSE
	EndGlobalSection
	GlobalSection(ExtensibilityGlobals) = postSolution
		SolutionGuid = {A54D12CA-CDB9-414C-A778-E96311F49B09}
	EndGlobalSection
EndGlobal
